
Microsoft Visual Studio Solution File, Format Version 12.00
# Visual Studio Version 17
VisualStudioVersion = 17.5.33516.290
MinimumVisualStudioVersion = 10.0.40219.1
Project("{FAE04EC0-301F-11D3-BF4B-00C04F79EFBC}") = "Common", "Common\Common.csproj", "{A52C939E-4A16-4466-9F91-795115532294}"
EndProject
Project("{FAE04EC0-301F-11D3-BF4B-00C04F79EFBC}") = "DatabaseBroker", "Broker\DatabaseBroker.csproj", "{4C30CB13-27E1-4C3A-A267-65D001BDC547}"
EndProject
Project("{FAE04EC0-301F-11D3-BF4B-00C04F79EFBC}") = "Domain", "Domain\Domain.csproj", "{97D596B3-C40A-48EA-973F-DEA3CC8F0AA7}"
EndProject
Project("{FAE04EC0-301F-11D3-BF4B-00C04F79EFBC}") = "Server", "Server\Server.csproj", "{8BB2E67F-5632-4080-9E31-11B267212AD2}"
EndProject
Project("{FAE04EC0-301F-11D3-BF4B-00C04F79EFBC}") = "View", "View\View.csproj", "{CF719A9E-9543-440F-9C75-22365F5E487F}"
EndProject
Global
	GlobalSection(SolutionConfigurationPlatforms) = preSolution
		Debug|Any CPU = Debug|Any CPU
		Release|Any CPU = Release|Any CPU
	EndGlobalSection
	GlobalSection(ProjectConfigurationPlatforms) = postSolution
		{A52C939E-4A16-4466-9F91-795115532294}.Debug|Any CPU.ActiveCfg = Debug|Any CPU
		{A52C939E-4A16-4466-9F91-795115532294}.Debug|Any CPU.Build.0 = Debug|Any CPU
		{A52C939E-4A16-4466-9F91-795115532294}.Release|Any CPU.ActiveCfg = Release|Any CPU
		{A52C939E-4A16-4466-9F91-795115532294}.Release|Any CPU.Build.0 = Release|Any CPU
		{4C30CB13-27E1-4C3A-A267-65D001BDC547}.Debug|Any CPU.ActiveCfg = Debug|Any CPU
		{4C30CB13-27E1-4C3A-A267-65D001BDC547}.Debug|Any CPU.Build.0 = Debug|Any CPU
		{4C30CB13-27E1-4C3A-A267-65D001BDC547}.Release|Any CPU.ActiveCfg = Release|Any CPU
		{4C30CB13-27E1-4C3A-A267-65D001BDC547}.Release|Any CPU.Build.0 = Release|Any CPU
		{97D596B3-C40A-48EA-973F-DEA3CC8F0AA7}.Debug|Any CPU.ActiveCfg = Debug|Any CPU
		{97D596B3-C40A-48EA-973F-DEA3CC8F0AA7}.Debug|Any CPU.Build.0 = Debug|Any CPU
		{97D596B3-C40A-48EA-973F-DEA3CC8F0AA7}.Release|Any CPU.ActiveCfg = Release|Any CPU
		{97D596B3-C40A-48EA-973F-DEA3CC8F0AA7}.Release|Any CPU.Build.0 = Release|Any CPU
		{8BB2E67F-5632-4080-9E31-11B267212AD2}.Debug|Any CPU.ActiveCfg = Debug|Any CPU
		{8BB2E67F-5632-4080-9E31-11B267212AD2}.Debug|Any CPU.Build.0 = Debug|Any CPU
		{8BB2E67F-5632-4080-9E31-11B267212AD2}.Release|Any CPU.ActiveCfg = Release|Any CPU
		{8BB2E67F-5632-4080-9E31-11B267212AD2}.Release|Any CPU.Build.0 = Release|Any CPU
		{CF719A9E-9543-440F-9C75-22365F5E487F}.Debug|Any CPU.ActiveCfg = Debug|Any CPU
		{CF719A9E-9543-440F-9C75-22365F5E487F}.Debug|Any CPU.Build.0 = Debug|Any CPU
		{CF719A9E-9543-440F-9C75-22365F5E487F}.Release|Any CPU.ActiveCfg = Release|Any CPU
		{CF719A9E-9543-440F-9C75-22365F5E487F}.Release|Any CPU.Build.0 = Release|Any CPU
	EndGlobalSection
	GlobalSection(SolutionProperties) = preSolution
		HideSolutionNode = FALSE
	EndGlobalSection
	GlobalSection(ExtensibilityGlobals) = postSolution
		SolutionGuid = {B2F674AE-3782-4EA3-95F0-ABB4B46A59F7}
	EndGlobalSection
EndGlobal
